
Microsoft Visual Studio Solution File, Format Version 12.00
# Visual Studio Version 17
VisualStudioVersion = 17.9.34607.119
MinimumVisualStudioVersion = 10.0.40219.1
Project("{FAE04EC0-301F-11D3-BF4B-00C04F79EFBC}") = "WebAppStudy", "WebAppStudy.csproj", "{5A4383B8-64B4-4D1B-97C2-2AFE17D90B58}"
EndProject
Global
	GlobalSection(SolutionConfigurationPlatforms) = preSolution
		Debug|Any CPU = Debug|Any CPU
		Release|Any CPU = Release|Any CPU
	EndGlobalSection
	GlobalSection(ProjectConfigurationPlatforms) = postSolution
		{5A4383B8-64B4-4D1B-97C2-2AFE17D90B58}.Debug|Any CPU.ActiveCfg = Debug|Any CPU
		{5A4383B8-64B4-4D1B-97C2-2AFE17D90B58}.Debug|Any CPU.Build.0 = Debug|Any CPU
		{5A4383B8-64B4-4D1B-97C2-2AFE17D90B58}.Release|Any CPU.ActiveCfg = Release|Any CPU
		{5A4383B8-64B4-4D1B-97C2-2AFE17D90B58}.Release|Any CPU.Build.0 = Release|Any CPU
	EndGlobalSection
	GlobalSection(SolutionProperties) = preSolution
		HideSolutionNode = FALSE
	EndGlobalSection
	GlobalSection(ExtensibilityGlobals) = postSolution
		SolutionGuid = {676BB5DB-17BF-4528-A8DD-B8490074BBC0}
	EndGlobalSection
EndGlobal
